
Microsoft Visual Studio Solution File, Format Version 12.00
# Visual Studio 2013
VisualStudioVersion = 12.0.40629.0
MinimumVisualStudioVersion = 10.0.40219.1
Project("{FAE04EC0-301F-11D3-BF4B-00C04F79EFBC}") = "Server", "Server\Server.csproj", "{C9F3F988-9EBE-4D0D-AC1E-6702D07AE49B}"
EndProject
Project("{FAE04EC0-301F-11D3-BF4B-00C04F79EFBC}") = "Client", "Client\Client.csproj", "{331F9E46-9D55-4B30-9F9D-B3646AC3CCBF}"
EndProject
Global
	GlobalSection(SolutionConfigurationPlatforms) = preSolution
		Debug|Any CPU = Debug|Any CPU
		Release|Any CPU = Release|Any CPU
	EndGlobalSection
	GlobalSection(ProjectConfigurationPlatforms) = postSolution
		{C9F3F988-9EBE-4D0D-AC1E-6702D07AE49B}.Debug|Any CPU.ActiveCfg = Debug|Any CPU
		{C9F3F988-9EBE-4D0D-AC1E-6702D07AE49B}.Debug|Any CPU.Build.0 = Debug|Any CPU
		{C9F3F988-9EBE-4D0D-AC1E-6702D07AE49B}.Release|Any CPU.ActiveCfg = Release|Any CPU
		{C9F3F988-9EBE-4D0D-AC1E-6702D07AE49B}.Release|Any CPU.Build.0 = Release|Any CPU
		{331F9E46-9D55-4B30-9F9D-B3646AC3CCBF}.Debug|Any CPU.ActiveCfg = Debug|Any CPU
		{331F9E46-9D55-4B30-9F9D-B3646AC3CCBF}.Debug|Any CPU.Build.0 = Debug|Any CPU
		{331F9E46-9D55-4B30-9F9D-B3646AC3CCBF}.Release|Any CPU.ActiveCfg = Release|Any CPU
		{331F9E46-9D55-4B30-9F9D-B3646AC3CCBF}.Release|Any CPU.Build.0 = Release|Any CPU
	EndGlobalSection
	GlobalSection(SolutionProperties) = preSolution
		HideSolutionNode = FALSE
	EndGlobalSection
EndGlobal
