
Microsoft Visual Studio Solution File, Format Version 12.00
# Visual Studio Version 16
VisualStudioVersion = 16.0.29728.190
MinimumVisualStudioVersion = 10.0.40219.1
Project("{FAE04EC0-301F-11D3-BF4B-00C04F79EFBC}") = "UdpClientApp", "UdpClientApp.csproj", "{90D29594-A55A-4380-A2FE-13CD13073EEB}"
EndProject
Global
	GlobalSection(SolutionConfigurationPlatforms) = preSolution
		Debug|Any CPU = Debug|Any CPU
		Release|Any CPU = Release|Any CPU
	EndGlobalSection
	GlobalSection(ProjectConfigurationPlatforms) = postSolution
		{90D29594-A55A-4380-A2FE-13CD13073EEB}.Debug|Any CPU.ActiveCfg = Debug|Any CPU
		{90D29594-A55A-4380-A2FE-13CD13073EEB}.Debug|Any CPU.Build.0 = Debug|Any CPU
		{90D29594-A55A-4380-A2FE-13CD13073EEB}.Release|Any CPU.ActiveCfg = Release|Any CPU
		{90D29594-A55A-4380-A2FE-13CD13073EEB}.Release|Any CPU.Build.0 = Release|Any CPU
	EndGlobalSection
	GlobalSection(SolutionProperties) = preSolution
		HideSolutionNode = FALSE
	EndGlobalSection
	GlobalSection(ExtensibilityGlobals) = postSolution
		SolutionGuid = {104CB782-37E7-42F8-881C-6BE8C311DB42}
	EndGlobalSection
EndGlobal
