
Microsoft Visual Studio Solution File, Format Version 12.00
# Visual Studio Version 16
VisualStudioVersion = 16.0.29728.190
MinimumVisualStudioVersion = 10.0.40219.1
Project("{FAE04EC0-301F-11D3-BF4B-00C04F79EFBC}") = "ClassLibrary1", "ClassLibrary1.csproj", "{B398B4CD-F60E-4A14-BA03-596BE4909E9B}"
EndProject
Global
	GlobalSection(SolutionConfigurationPlatforms) = preSolution
		Debug|Any CPU = Debug|Any CPU
		Release|Any CPU = Release|Any CPU
	EndGlobalSection
	GlobalSection(ProjectConfigurationPlatforms) = postSolution
		{B398B4CD-F60E-4A14-BA03-596BE4909E9B}.Debug|Any CPU.ActiveCfg = Debug|Any CPU
		{B398B4CD-F60E-4A14-BA03-596BE4909E9B}.Debug|Any CPU.Build.0 = Debug|Any CPU
		{B398B4CD-F60E-4A14-BA03-596BE4909E9B}.Release|Any CPU.ActiveCfg = Release|Any CPU
		{B398B4CD-F60E-4A14-BA03-596BE4909E9B}.Release|Any CPU.Build.0 = Release|Any CPU
	EndGlobalSection
	GlobalSection(SolutionProperties) = preSolution
		HideSolutionNode = FALSE
	EndGlobalSection
	GlobalSection(ExtensibilityGlobals) = postSolution
		SolutionGuid = {1BA696F9-99E7-49E0-A3E1-60B49A7CC397}
	EndGlobalSection
EndGlobal
