
Microsoft Visual Studio Solution File, Format Version 12.00
Project("{FAE04EC0-301F-11D3-BF4B-00C04F79EFBC}") = "Server", "Server\Server.csproj", "{5931555A-BA25-41F8-ABDE-4B2175D96968}"
EndProject
Global
	GlobalSection(SolutionConfigurationPlatforms) = preSolution
		Debug|Any CPU = Debug|Any CPU
		Release|Any CPU = Release|Any CPU
	EndGlobalSection
	GlobalSection(ProjectConfigurationPlatforms) = postSolution
		{5931555A-BA25-41F8-ABDE-4B2175D96968}.Debug|Any CPU.ActiveCfg = Debug|Any CPU
		{5931555A-BA25-41F8-ABDE-4B2175D96968}.Debug|Any CPU.Build.0 = Debug|Any CPU
		{5931555A-BA25-41F8-ABDE-4B2175D96968}.Release|Any CPU.ActiveCfg = Release|Any CPU
		{5931555A-BA25-41F8-ABDE-4B2175D96968}.Release|Any CPU.Build.0 = Release|Any CPU
	EndGlobalSection
EndGlobal
