
Microsoft Visual Studio Solution File, Format Version 12.00
# Visual Studio Version 16
VisualStudioVersion = 16.0.29911.84
MinimumVisualStudioVersion = 10.0.40219.1
Project("{8BC9CEB8-8B4A-11D0-8D11-00A0C91BC942}") = "ATLProject2", "ATLProject2\ATLProject2.vcxproj", "{CAB09E09-793F-4DB0-95A0-00B9D1C1BA64}"
EndProject
Project("{8BC9CEB8-8B4A-11D0-8D11-00A0C91BC942}") = "ATLProject2PS", "ATLProject2PS\ATLProject2PS.vcxproj", "{D0184244-BCAA-4305-9F15-0335F01809AC}"
	ProjectSection(ProjectDependencies) = postProject
		{CAB09E09-793F-4DB0-95A0-00B9D1C1BA64} = {CAB09E09-793F-4DB0-95A0-00B9D1C1BA64}
	EndProjectSection
EndProject
Global
	GlobalSection(SolutionConfigurationPlatforms) = preSolution
		Debug|x64 = Debug|x64
		Debug|x86 = Debug|x86
		Release|x64 = Release|x64
		Release|x86 = Release|x86
	EndGlobalSection
	GlobalSection(ProjectConfigurationPlatforms) = postSolution
		{CAB09E09-793F-4DB0-95A0-00B9D1C1BA64}.Debug|x64.ActiveCfg = Debug|x64
		{CAB09E09-793F-4DB0-95A0-00B9D1C1BA64}.Debug|x64.Build.0 = Debug|x64
		{CAB09E09-793F-4DB0-95A0-00B9D1C1BA64}.Debug|x86.ActiveCfg = Debug|Win32
		{CAB09E09-793F-4DB0-95A0-00B9D1C1BA64}.Debug|x86.Build.0 = Debug|Win32
		{CAB09E09-793F-4DB0-95A0-00B9D1C1BA64}.Release|x64.ActiveCfg = Release|x64
		{CAB09E09-793F-4DB0-95A0-00B9D1C1BA64}.Release|x64.Build.0 = Release|x64
		{CAB09E09-793F-4DB0-95A0-00B9D1C1BA64}.Release|x86.ActiveCfg = Release|Win32
		{CAB09E09-793F-4DB0-95A0-00B9D1C1BA64}.Release|x86.Build.0 = Release|Win32
		{D0184244-BCAA-4305-9F15-0335F01809AC}.Debug|x64.ActiveCfg = Debug|x64
		{D0184244-BCAA-4305-9F15-0335F01809AC}.Debug|x86.ActiveCfg = Debug|Win32
		{D0184244-BCAA-4305-9F15-0335F01809AC}.Release|x64.ActiveCfg = Release|x64
		{D0184244-BCAA-4305-9F15-0335F01809AC}.Release|x86.ActiveCfg = Release|Win32
	EndGlobalSection
	GlobalSection(SolutionProperties) = preSolution
		HideSolutionNode = FALSE
	EndGlobalSection
	GlobalSection(ExtensibilityGlobals) = postSolution
		SolutionGuid = {BE40DEBE-A4E4-4844-AB05-B42811FB13C1}
	EndGlobalSection
EndGlobal
