
Microsoft Visual Studio Solution File, Format Version 12.00
# Visual Studio Version 16
VisualStudioVersion = 16.0.29728.190
MinimumVisualStudioVersion = 10.0.40219.1
Project("{FAE04EC0-301F-11D3-BF4B-00C04F79EFBC}") = "httpServer", "httpServer.csproj", "{AAF2852B-5F44-45FF-9666-18B487D26AB6}"
EndProject
Project("{FAE04EC0-301F-11D3-BF4B-00C04F79EFBC}") = "httpClient", "..\httpClient\httpClient.csproj", "{00C6B7B7-908C-4669-9043-5A3EFE3F23B7}"
EndProject
Global
	GlobalSection(SolutionConfigurationPlatforms) = preSolution
		Debug|Any CPU = Debug|Any CPU
		Release|Any CPU = Release|Any CPU
	EndGlobalSection
	GlobalSection(ProjectConfigurationPlatforms) = postSolution
		{AAF2852B-5F44-45FF-9666-18B487D26AB6}.Debug|Any CPU.ActiveCfg = Debug|Any CPU
		{AAF2852B-5F44-45FF-9666-18B487D26AB6}.Debug|Any CPU.Build.0 = Debug|Any CPU
		{AAF2852B-5F44-45FF-9666-18B487D26AB6}.Release|Any CPU.ActiveCfg = Release|Any CPU
		{AAF2852B-5F44-45FF-9666-18B487D26AB6}.Release|Any CPU.Build.0 = Release|Any CPU
		{00C6B7B7-908C-4669-9043-5A3EFE3F23B7}.Debug|Any CPU.ActiveCfg = Debug|Any CPU
		{00C6B7B7-908C-4669-9043-5A3EFE3F23B7}.Debug|Any CPU.Build.0 = Debug|Any CPU
		{00C6B7B7-908C-4669-9043-5A3EFE3F23B7}.Release|Any CPU.ActiveCfg = Release|Any CPU
		{00C6B7B7-908C-4669-9043-5A3EFE3F23B7}.Release|Any CPU.Build.0 = Release|Any CPU
	EndGlobalSection
	GlobalSection(SolutionProperties) = preSolution
		HideSolutionNode = FALSE
	EndGlobalSection
	GlobalSection(ExtensibilityGlobals) = postSolution
		SolutionGuid = {737922A6-4565-4A03-BF4C-EE74C29F6934}
	EndGlobalSection
EndGlobal
